
Microsoft Visual Studio Solution File, Format Version 12.00
# Visual Studio 15
VisualStudioVersion = 15.0.27004.2002
MinimumVisualStudioVersion = 10.0.40219.1
Project("{8BC9CEB8-8B4A-11D0-8D11-00A0C91BC942}") = "cputemp_udp", "cputemp_udp\cputemp_udp.vcxproj", "{333673A7-5699-4191-AF93-0CCB642F900F}"
EndProject
Global
	GlobalSection(SolutionConfigurationPlatforms) = preSolution
		Debug|ARM = Debug|ARM
		Debug|x64 = Debug|x64
		Debug|x86 = Debug|x86
		Release|ARM = Release|ARM
		Release|x64 = Release|x64
		Release|x86 = Release|x86
	EndGlobalSection
	GlobalSection(ProjectConfigurationPlatforms) = postSolution
		{333673A7-5699-4191-AF93-0CCB642F900F}.Debug|ARM.ActiveCfg = Debug|ARM
		{333673A7-5699-4191-AF93-0CCB642F900F}.Debug|ARM.Build.0 = Debug|ARM
		{333673A7-5699-4191-AF93-0CCB642F900F}.Debug|x64.ActiveCfg = Debug|x64
		{333673A7-5699-4191-AF93-0CCB642F900F}.Debug|x64.Build.0 = Debug|x64
		{333673A7-5699-4191-AF93-0CCB642F900F}.Debug|x86.ActiveCfg = Debug|x86
		{333673A7-5699-4191-AF93-0CCB642F900F}.Debug|x86.Build.0 = Debug|x86
		{333673A7-5699-4191-AF93-0CCB642F900F}.Release|ARM.ActiveCfg = Release|ARM
		{333673A7-5699-4191-AF93-0CCB642F900F}.Release|ARM.Build.0 = Release|ARM
		{333673A7-5699-4191-AF93-0CCB642F900F}.Release|x64.ActiveCfg = Release|x64
		{333673A7-5699-4191-AF93-0CCB642F900F}.Release|x64.Build.0 = Release|x64
		{333673A7-5699-4191-AF93-0CCB642F900F}.Release|x86.ActiveCfg = Release|x86
		{333673A7-5699-4191-AF93-0CCB642F900F}.Release|x86.Build.0 = Release|x86
	EndGlobalSection
	GlobalSection(SolutionProperties) = preSolution
		HideSolutionNode = FALSE
	EndGlobalSection
	GlobalSection(ExtensibilityGlobals) = postSolution
		SolutionGuid = {D966B4F1-0F93-4100-9393-FA88D1383892}
	EndGlobalSection
EndGlobal
